
Microsoft Visual Studio Solution File, Format Version 12.00
Project("{9A19103F-16F7-4668-BE54-9A1E7A4F7556}") = "GrpcServer", "GrpcServer\GrpcServer.csproj", "{75100521-7F73-4A57-8613-73AA83BC3A22}"
EndProject
Project("{9A19103F-16F7-4668-BE54-9A1E7A4F7556}") = "GrpcClient", "GrpcClient\GrpcClient.csproj", "{B276A7CB-A442-4209-9897-FACFA6298457}"
EndProject
Global
	GlobalSection(SolutionConfigurationPlatforms) = preSolution
		Debug|Any CPU = Debug|Any CPU
		Release|Any CPU = Release|Any CPU
	EndGlobalSection
	GlobalSection(ProjectConfigurationPlatforms) = postSolution
		{75100521-7F73-4A57-8613-73AA83BC3A22}.Debug|Any CPU.ActiveCfg = Debug|Any CPU
		{75100521-7F73-4A57-8613-73AA83BC3A22}.Debug|Any CPU.Build.0 = Debug|Any CPU
		{75100521-7F73-4A57-8613-73AA83BC3A22}.Release|Any CPU.ActiveCfg = Release|Any CPU
		{75100521-7F73-4A57-8613-73AA83BC3A22}.Release|Any CPU.Build.0 = Release|Any CPU
		{B276A7CB-A442-4209-9897-FACFA6298457}.Debug|Any CPU.ActiveCfg = Debug|Any CPU
		{B276A7CB-A442-4209-9897-FACFA6298457}.Debug|Any CPU.Build.0 = Debug|Any CPU
		{B276A7CB-A442-4209-9897-FACFA6298457}.Release|Any CPU.ActiveCfg = Release|Any CPU
		{B276A7CB-A442-4209-9897-FACFA6298457}.Release|Any CPU.Build.0 = Release|Any CPU
	EndGlobalSection
	GlobalSection(SolutionProperties) = preSolution
		HideSolutionNode = FALSE
	EndGlobalSection
	GlobalSection(ExtensibilityGlobals) = postSolution
		SolutionGuid = {0CCC0BD2-10FF-451C-86AF-276BB2CA7394}
	EndGlobalSection
EndGlobal
